
Microsoft Visual Studio Solution File, Format Version 12.00
# Visual Studio Version 16
VisualStudioVersion = 16.0.29306.81
MinimumVisualStudioVersion = 10.0.40219.1
Project("{9A19103F-16F7-4668-BE54-9A1E7A4F7556}") = "IdentityServer", "IdentityServer\IdentityServer.csproj", "{11E55957-2AD7-4A19-AE54-9EC772A8BF25}"
EndProject
Project("{2150E333-8FDC-42A3-9474-1A3956D46DE8}") = "API", "API", "{B80986F6-726A-44DA-8C75-64238278C232}"
EndProject
Project("{9A19103F-16F7-4668-BE54-9A1E7A4F7556}") = "ServiceApi1", "ServiceApi1\ServiceApi1.csproj", "{86862D9C-C714-4791-818F-2787C7C83E29}"
EndProject
Project("{2150E333-8FDC-42A3-9474-1A3956D46DE8}") = "Clients", "Clients", "{E69BBEC0-AB9F-4431-AC21-A44DDBD4FE2C}"
EndProject
Project("{9A19103F-16F7-4668-BE54-9A1E7A4F7556}") = "ConsoleClient", "ConsoleClient\ConsoleClient.csproj", "{05A4F2C4-3B89-4C94-8667-9BF17DE603C3}"
EndProject
Project("{9A19103F-16F7-4668-BE54-9A1E7A4F7556}") = "MVCClient1", "MVCClient1\MVCClient1.csproj", "{3BF1005B-E34A-424D-95FF-610927318E76}"
EndProject
Project("{2150E333-8FDC-42A3-9474-1A3956D46DE8}") = "Test", "Test", "{3B16BFF9-9D41-4718-BA75-8F743546B2DD}"
EndProject
Project("{9A19103F-16F7-4668-BE54-9A1E7A4F7556}") = "TestRSA", "TestRSA\TestRSA.csproj", "{49D414F5-5D33-49B9-8796-D59073626865}"
EndProject
Project("{FAE04EC0-301F-11D3-BF4B-00C04F79EFBC}") = "Common", "Common\Common.csproj", "{7C5CA0C3-5442-4627-B74F-FCFEEC483DD3}"
EndProject
Global
	GlobalSection(SolutionConfigurationPlatforms) = preSolution
		Debug|Any CPU = Debug|Any CPU
		Release|Any CPU = Release|Any CPU
	EndGlobalSection
	GlobalSection(ProjectConfigurationPlatforms) = postSolution
		{11E55957-2AD7-4A19-AE54-9EC772A8BF25}.Debug|Any CPU.ActiveCfg = Debug|Any CPU
		{11E55957-2AD7-4A19-AE54-9EC772A8BF25}.Debug|Any CPU.Build.0 = Debug|Any CPU
		{11E55957-2AD7-4A19-AE54-9EC772A8BF25}.Release|Any CPU.ActiveCfg = Release|Any CPU
		{11E55957-2AD7-4A19-AE54-9EC772A8BF25}.Release|Any CPU.Build.0 = Release|Any CPU
		{86862D9C-C714-4791-818F-2787C7C83E29}.Debug|Any CPU.ActiveCfg = Debug|Any CPU
		{86862D9C-C714-4791-818F-2787C7C83E29}.Debug|Any CPU.Build.0 = Debug|Any CPU
		{86862D9C-C714-4791-818F-2787C7C83E29}.Release|Any CPU.ActiveCfg = Release|Any CPU
		{86862D9C-C714-4791-818F-2787C7C83E29}.Release|Any CPU.Build.0 = Release|Any CPU
		{05A4F2C4-3B89-4C94-8667-9BF17DE603C3}.Debug|Any CPU.ActiveCfg = Debug|Any CPU
		{05A4F2C4-3B89-4C94-8667-9BF17DE603C3}.Debug|Any CPU.Build.0 = Debug|Any CPU
		{05A4F2C4-3B89-4C94-8667-9BF17DE603C3}.Release|Any CPU.ActiveCfg = Release|Any CPU
		{05A4F2C4-3B89-4C94-8667-9BF17DE603C3}.Release|Any CPU.Build.0 = Release|Any CPU
		{3BF1005B-E34A-424D-95FF-610927318E76}.Debug|Any CPU.ActiveCfg = Debug|Any CPU
		{3BF1005B-E34A-424D-95FF-610927318E76}.Debug|Any CPU.Build.0 = Debug|Any CPU
		{3BF1005B-E34A-424D-95FF-610927318E76}.Release|Any CPU.ActiveCfg = Release|Any CPU
		{3BF1005B-E34A-424D-95FF-610927318E76}.Release|Any CPU.Build.0 = Release|Any CPU
		{49D414F5-5D33-49B9-8796-D59073626865}.Debug|Any CPU.ActiveCfg = Debug|Any CPU
		{49D414F5-5D33-49B9-8796-D59073626865}.Debug|Any CPU.Build.0 = Debug|Any CPU
		{49D414F5-5D33-49B9-8796-D59073626865}.Release|Any CPU.ActiveCfg = Release|Any CPU
		{49D414F5-5D33-49B9-8796-D59073626865}.Release|Any CPU.Build.0 = Release|Any CPU
		{7C5CA0C3-5442-4627-B74F-FCFEEC483DD3}.Debug|Any CPU.ActiveCfg = Debug|Any CPU
		{7C5CA0C3-5442-4627-B74F-FCFEEC483DD3}.Debug|Any CPU.Build.0 = Debug|Any CPU
		{7C5CA0C3-5442-4627-B74F-FCFEEC483DD3}.Release|Any CPU.ActiveCfg = Release|Any CPU
		{7C5CA0C3-5442-4627-B74F-FCFEEC483DD3}.Release|Any CPU.Build.0 = Release|Any CPU
	EndGlobalSection
	GlobalSection(SolutionProperties) = preSolution
		HideSolutionNode = FALSE
	EndGlobalSection
	GlobalSection(NestedProjects) = preSolution
		{86862D9C-C714-4791-818F-2787C7C83E29} = {B80986F6-726A-44DA-8C75-64238278C232}
		{05A4F2C4-3B89-4C94-8667-9BF17DE603C3} = {E69BBEC0-AB9F-4431-AC21-A44DDBD4FE2C}
		{3BF1005B-E34A-424D-95FF-610927318E76} = {E69BBEC0-AB9F-4431-AC21-A44DDBD4FE2C}
		{49D414F5-5D33-49B9-8796-D59073626865} = {3B16BFF9-9D41-4718-BA75-8F743546B2DD}
	EndGlobalSection
	GlobalSection(ExtensibilityGlobals) = postSolution
		SolutionGuid = {1FA8E677-05D3-48E1-A82D-46DB1330E112}
	EndGlobalSection
EndGlobal
